
Microsoft Visual Studio Solution File, Format Version 12.00
# Visual Studio Version 17
VisualStudioVersion = 17.0.31903.59
MinimumVisualStudioVersion = 10.0.40219.1
Project("{FAE04EC0-301F-11D3-BF4B-00C04F79EFBC}") = "R.Paper_Parser", "R.Paper_Parser\R.Paper_Parser.csproj", "{A7EAE30F-4059-484A-9783-63CEB7C0A27C}"
EndProject
Global
	GlobalSection(SolutionConfigurationPlatforms) = preSolution
		Debug|Any CPU = Debug|Any CPU
		Debug|x64 = Debug|x64
		Debug|x86 = Debug|x86
		Release|Any CPU = Release|Any CPU
		Release|x64 = Release|x64
		Release|x86 = Release|x86
	EndGlobalSection
	GlobalSection(ProjectConfigurationPlatforms) = postSolution
		{A7EAE30F-4059-484A-9783-63CEB7C0A27C}.Debug|Any CPU.ActiveCfg = Debug|Any CPU
		{A7EAE30F-4059-484A-9783-63CEB7C0A27C}.Debug|Any CPU.Build.0 = Debug|Any CPU
		{A7EAE30F-4059-484A-9783-63CEB7C0A27C}.Debug|x64.ActiveCfg = Debug|Any CPU
		{A7EAE30F-4059-484A-9783-63CEB7C0A27C}.Debug|x64.Build.0 = Debug|Any CPU
		{A7EAE30F-4059-484A-9783-63CEB7C0A27C}.Debug|x86.ActiveCfg = Debug|Any CPU
		{A7EAE30F-4059-484A-9783-63CEB7C0A27C}.Debug|x86.Build.0 = Debug|Any CPU
		{A7EAE30F-4059-484A-9783-63CEB7C0A27C}.Release|Any CPU.ActiveCfg = Release|Any CPU
		{A7EAE30F-4059-484A-9783-63CEB7C0A27C}.Release|Any CPU.Build.0 = Release|Any CPU
		{A7EAE30F-4059-484A-9783-63CEB7C0A27C}.Release|x64.ActiveCfg = Release|Any CPU
		{A7EAE30F-4059-484A-9783-63CEB7C0A27C}.Release|x64.Build.0 = Release|Any CPU
		{A7EAE30F-4059-484A-9783-63CEB7C0A27C}.Release|x86.ActiveCfg = Release|Any CPU
		{A7EAE30F-4059-484A-9783-63CEB7C0A27C}.Release|x86.Build.0 = Release|Any CPU
	EndGlobalSection
	GlobalSection(SolutionProperties) = preSolution
		HideSolutionNode = FALSE
	EndGlobalSection
EndGlobal
